
Microsoft Visual Studio Solution File, Format Version 12.00
# Visual Studio Version 17
VisualStudioVersion = 17.10.35013.160
MinimumVisualStudioVersion = 10.0.40219.1
Project("{FAE04EC0-301F-11D3-BF4B-00C04F79EFBC}") = "TimDuongDiToiUu", "TimDuongDiToiUu\TimDuongDiToiUu.csproj", "{33E1D892-A8F1-411A-B272-8FF992C9B753}"
EndProject
Project("{FAE04EC0-301F-11D3-BF4B-00C04F79EFBC}") = "XauConChungDaiNhat", "XauConChungDaiNhat\XauConChungDaiNhat.csproj", "{FE6DEB72-CF2D-4FFF-A0F1-B63083953953}"
EndProject
Project("{FAE04EC0-301F-11D3-BF4B-00C04F79EFBC}") = "Balo", "Balo\Balo.csproj", "{CC4FAC0D-92E7-4D17-B975-FD1FF07EBD13}"
EndProject
Global
	GlobalSection(SolutionConfigurationPlatforms) = preSolution
		Debug|Any CPU = Debug|Any CPU
		Release|Any CPU = Release|Any CPU
	EndGlobalSection
	GlobalSection(ProjectConfigurationPlatforms) = postSolution
		{33E1D892-A8F1-411A-B272-8FF992C9B753}.Debug|Any CPU.ActiveCfg = Debug|Any CPU
		{33E1D892-A8F1-411A-B272-8FF992C9B753}.Debug|Any CPU.Build.0 = Debug|Any CPU
		{33E1D892-A8F1-411A-B272-8FF992C9B753}.Release|Any CPU.ActiveCfg = Release|Any CPU
		{33E1D892-A8F1-411A-B272-8FF992C9B753}.Release|Any CPU.Build.0 = Release|Any CPU
		{FE6DEB72-CF2D-4FFF-A0F1-B63083953953}.Debug|Any CPU.ActiveCfg = Debug|Any CPU
		{FE6DEB72-CF2D-4FFF-A0F1-B63083953953}.Debug|Any CPU.Build.0 = Debug|Any CPU
		{FE6DEB72-CF2D-4FFF-A0F1-B63083953953}.Release|Any CPU.ActiveCfg = Release|Any CPU
		{FE6DEB72-CF2D-4FFF-A0F1-B63083953953}.Release|Any CPU.Build.0 = Release|Any CPU
		{CC4FAC0D-92E7-4D17-B975-FD1FF07EBD13}.Debug|Any CPU.ActiveCfg = Debug|Any CPU
		{CC4FAC0D-92E7-4D17-B975-FD1FF07EBD13}.Debug|Any CPU.Build.0 = Debug|Any CPU
		{CC4FAC0D-92E7-4D17-B975-FD1FF07EBD13}.Release|Any CPU.ActiveCfg = Release|Any CPU
		{CC4FAC0D-92E7-4D17-B975-FD1FF07EBD13}.Release|Any CPU.Build.0 = Release|Any CPU
	EndGlobalSection
	GlobalSection(SolutionProperties) = preSolution
		HideSolutionNode = FALSE
	EndGlobalSection
	GlobalSection(ExtensibilityGlobals) = postSolution
		SolutionGuid = {EFA34EDF-900C-4B38-B3AC-7A233F880319}
	EndGlobalSection
EndGlobal
